
Microsoft Visual Studio Solution File, Format Version 12.00
# Visual Studio Version 16
VisualStudioVersion = 16.0.29610.145
MinimumVisualStudioVersion = 10.0.40219.1
Project("{9A19103F-16F7-4668-BE54-9A1E7A4F7556}") = "SubsribeToLabel.Tests", "SubsribeToLabel.Tests\SubsribeToLabel.Tests.csproj", "{D8CC7E95-35EF-44D2-A56E-546ECDA49857}"
EndProject
Project("{9A19103F-16F7-4668-BE54-9A1E7A4F7556}") = "SubscribeToLabel.Web", "SubscribeToLabel.Web\SubscribeToLabel.Web.csproj", "{ED9A197D-0077-4555-BBBA-40FCDE483795}"
EndProject
Global
	GlobalSection(SolutionConfigurationPlatforms) = preSolution
		Debug|Any CPU = Debug|Any CPU
		Release|Any CPU = Release|Any CPU
	EndGlobalSection
	GlobalSection(ProjectConfigurationPlatforms) = postSolution
		{D8CC7E95-35EF-44D2-A56E-546ECDA49857}.Debug|Any CPU.ActiveCfg = Debug|Any CPU
		{D8CC7E95-35EF-44D2-A56E-546ECDA49857}.Debug|Any CPU.Build.0 = Debug|Any CPU
		{D8CC7E95-35EF-44D2-A56E-546ECDA49857}.Release|Any CPU.ActiveCfg = Release|Any CPU
		{D8CC7E95-35EF-44D2-A56E-546ECDA49857}.Release|Any CPU.Build.0 = Release|Any CPU
		{ED9A197D-0077-4555-BBBA-40FCDE483795}.Debug|Any CPU.ActiveCfg = Debug|Any CPU
		{ED9A197D-0077-4555-BBBA-40FCDE483795}.Debug|Any CPU.Build.0 = Debug|Any CPU
		{ED9A197D-0077-4555-BBBA-40FCDE483795}.Release|Any CPU.ActiveCfg = Release|Any CPU
		{ED9A197D-0077-4555-BBBA-40FCDE483795}.Release|Any CPU.Build.0 = Release|Any CPU
	EndGlobalSection
	GlobalSection(SolutionProperties) = preSolution
		HideSolutionNode = FALSE
	EndGlobalSection
	GlobalSection(ExtensibilityGlobals) = postSolution
		SolutionGuid = {FF8C2726-96DF-41A7-8A28-40DF478A54BB}
	EndGlobalSection
EndGlobal
